Microsoft Visual Studio Solution File, Format Version 12.00
# Visual Studio Version 16
VisualStudioVersion = 16.0.0.0
MinimumVisualStudioVersion = 16.0.0.0
Project("{9A19103F-16F7-4668-BE54-9A1E7A4F7556}") = "EventPlanner", "EventPlanner\EventPlanner.csproj", "{684F2ED6-820A-4651-A33E-0C37851DB427}"
EndProject
Project("{9A19103F-16F7-4668-BE54-9A1E7A4F7556}") = "EventPlanner.Client", "EventPlanner.Client\EventPlanner.Client.csproj", "{FCE3C98E-3ADC-46FA-94F3-9B4B8BAD5389}"
EndProject
Global
	GlobalSection(SolutionConfigurationPlatforms) = preSolution
		Debug|Any CPU = Debug|Any CPU
		Debug|x64 = Debug|x64
		Debug|x86 = Debug|x86
		Release|Any CPU = Release|Any CPU
		Release|x64 = Release|x64
		Release|x86 = Release|x86
	EndGlobalSection
	GlobalSection(ProjectConfigurationPlatforms) = postSolution
		{FCE3C98E-3ADC-46FA-94F3-9B4B8BAD5389}.Debug|Any CPU.ActiveCfg = Debug|Any CPU
		{FCE3C98E-3ADC-46FA-94F3-9B4B8BAD5389}.Debug|Any CPU.Build.0 = Debug|Any CPU
		{FCE3C98E-3ADC-46FA-94F3-9B4B8BAD5389}.Debug|x64.ActiveCfg = Debug|Any CPU
		{FCE3C98E-3ADC-46FA-94F3-9B4B8BAD5389}.Debug|x64.Build.0 = Debug|Any CPU
		{FCE3C98E-3ADC-46FA-94F3-9B4B8BAD5389}.Debug|x86.ActiveCfg = Debug|Any CPU
		{FCE3C98E-3ADC-46FA-94F3-9B4B8BAD5389}.Debug|x86.Build.0 = Debug|Any CPU
		{FCE3C98E-3ADC-46FA-94F3-9B4B8BAD5389}.Release|Any CPU.ActiveCfg = Release|Any CPU
		{FCE3C98E-3ADC-46FA-94F3-9B4B8BAD5389}.Release|Any CPU.Build.0 = Release|Any CPU
		{FCE3C98E-3ADC-46FA-94F3-9B4B8BAD5389}.Release|x64.ActiveCfg = Release|Any CPU
		{FCE3C98E-3ADC-46FA-94F3-9B4B8BAD5389}.Release|x64.Build.0 = Release|Any CPU
		{FCE3C98E-3ADC-46FA-94F3-9B4B8BAD5389}.Release|x86.ActiveCfg = Release|Any CPU
		{FCE3C98E-3ADC-46FA-94F3-9B4B8BAD5389}.Release|x86.Build.0 = Release|Any CPU
		{684F2ED6-820A-4651-A33E-0C37851DB427}.Debug|Any CPU.ActiveCfg = Debug|Any CPU
		{684F2ED6-820A-4651-A33E-0C37851DB427}.Debug|Any CPU.Build.0 = Debug|Any CPU
		{684F2ED6-820A-4651-A33E-0C37851DB427}.Debug|x64.ActiveCfg = Debug|Any CPU
		{684F2ED6-820A-4651-A33E-0C37851DB427}.Debug|x64.Build.0 = Debug|Any CPU
		{684F2ED6-820A-4651-A33E-0C37851DB427}.Debug|x86.ActiveCfg = Debug|Any CPU
		{684F2ED6-820A-4651-A33E-0C37851DB427}.Debug|x86.Build.0 = Debug|Any CPU
		{684F2ED6-820A-4651-A33E-0C37851DB427}.Release|Any CPU.ActiveCfg = Release|Any CPU
		{684F2ED6-820A-4651-A33E-0C37851DB427}.Release|Any CPU.Build.0 = Release|Any CPU
		{684F2ED6-820A-4651-A33E-0C37851DB427}.Release|x64.ActiveCfg = Release|Any CPU
		{684F2ED6-820A-4651-A33E-0C37851DB427}.Release|x64.Build.0 = Release|Any CPU
		{684F2ED6-820A-4651-A33E-0C37851DB427}.Release|x86.ActiveCfg = Release|Any CPU
		{684F2ED6-820A-4651-A33E-0C37851DB427}.Release|x86.Build.0 = Release|Any CPU
	EndGlobalSection
	GlobalSection(SolutionProperties) = preSolution
		HideSolutionNode = FALSE
	EndGlobalSection
	GlobalSection(ExtensibilityGlobals) = postSolution
		SolutionGuid = {4CD160E7-DA9A-4B84-BC25-711DA0D3247F}
	EndGlobalSection
EndGlobal
